{
  "nodes": {
    "nixpkgs": {
      "locked": {
        "lastModified": 1753177127,
        "narHash": "sha256-2fRm74ZjbWl5Fxvu+QF1ksi8JlyyvUJ1Qyu/PWsIEMA=",
        "owner": "NixOS",
        "repo": "nixpkgs",
        "rev": "1e608efee24f1f1d167a530c8da2d76f106d27e4",
        "type": "github"
      },
      "original": {
        "owner": "NixOS",
        "ref": "nixos-unstable-small",
        "repo": "nixpkgs",
        "type": "github"
      }
    },
    "nixpkgs_2": {
      "locked": {
        "lastModified": 1744536153,
        "narHash": "sha256-awS2zRgF4uTwrOKwwiJcByDzDOdo3Q1rPZbiHQg/N38=",
        "owner": "NixOS",
        "repo": "nixpkgs",
        "rev": "18dd725c29603f582cf1900e0d25f9f1063dbf11",
        "type": "github"
      },
      "original": {
        "owner": "NixOS",
        "ref": "nixpkgs-unstable",
        "repo": "nixpkgs",
        "type": "github"
      }
    },
    "nixpkgs_gcc930": {
      "locked": {
        "lastModified": 1654457834,
        "narHash": "sha256-yCNmEeycbhptvkCoVCePfNUrBcNkktr9dWhiwAF8Y58=",
        "owner": "NixOS",
        "repo": "nixpkgs",
        "rev": "99cd95772761842712f77c291d26443ee039d862",
        "type": "github"
      },
      "original": {
        "owner": "NixOS",
        "repo": "nixpkgs",
        "rev": "99cd95772761842712f77c291d26443ee039d862",
        "type": "github"
      }
    },
    "root": {
      "inputs": {
        "nixpkgs": "nixpkgs",
        "nixpkgs_gcc930": "nixpkgs_gcc930",
        "rust-overlay": "rust-overlay"
      }
    },
    "rust-overlay": {
      "inputs": {
        "nixpkgs": "nixpkgs_2"
      },
      "locked": {
        "lastModified": 1753238793,
        "narHash": "sha256-jmQeEpgX+++MEgrcikcwoSiI7vDZWLP0gci7XiWb9uQ=",
        "owner": "oxalica",
        "repo": "rust-overlay",
        "rev": "0ad7ab4ca8e83febf147197e65c006dff60623ab",
        "type": "github"
      },
      "original": {
        "owner": "oxalica",
        "repo": "rust-overlay",
        "type": "github"
      }
    }
  },
  "root": "root",
  "version": 7
}
