{
  "nodes": {
    "nixpkgs": {
      "locked": {
        "lastModified": 1768250239,
        "narHash": "sha256-fvc9LRYGvnz+0E+KyGw4I3ODnytgrqdupB5yQxGyDiU=",
        "owner": "NixOS",
        "repo": "nixpkgs",
        "rev": "b4582865299cf58f84d259734a7bacdeff6f2c64",
        "type": "github"
      },
      "original": {
        "owner": "NixOS",
        "ref": "nixos-unstable-small",
        "repo": "nixpkgs",
        "type": "github"
      }
    },
    "nixpkgs_gcc930": {
      "locked": {
        "lastModified": 1654457834,
        "narHash": "sha256-yCNmEeycbhptvkCoVCePfNUrBcNkktr9dWhiwAF8Y58=",
        "owner": "NixOS",
        "repo": "nixpkgs",
        "rev": "99cd95772761842712f77c291d26443ee039d862",
        "type": "github"
      },
      "original": {
        "owner": "NixOS",
        "repo": "nixpkgs",
        "rev": "99cd95772761842712f77c291d26443ee039d862",
        "type": "github"
      }
    },
    "root": {
      "inputs": {
        "nixpkgs": "nixpkgs",
        "nixpkgs_gcc930": "nixpkgs_gcc930",
        "rust-overlay": "rust-overlay"
      }
    },
    "rust-overlay": {
      "inputs": {
        "nixpkgs": [
          "nixpkgs"
        ]
      },
      "locked": {
        "lastModified": 1768272338,
        "narHash": "sha256-Tg/kL8eKMpZtceDvBDQYU8zowgpr7ucFRnpP/AtfuRM=",
        "owner": "oxalica",
        "repo": "rust-overlay",
        "rev": "03dda130a8701b08b0347fcaf850a190c53a3c1e",
        "type": "github"
      },
      "original": {
        "owner": "oxalica",
        "repo": "rust-overlay",
        "type": "github"
      }
    }
  },
  "root": "root",
  "version": 7
}
